// !$*UTF8*$!
{
	archiveVersion = 1;
	classes = {
	};
	objectVersion = 48;
	objects = {

/* Begin PBXBuildFile section */
		2B48A8801FFF656F00DB57EA /* ACPushTransition.m in Sources */ = {isa = PBXBuildFile; fileRef = 2B48A87F1FFF656F00DB57EA /* ACPushTransition.m */; };
		2B48A8831FFF67E900DB57EA /* ACPopTransition.m in Sources */ = {isa = PBXBuildFile; fileRef = 2B48A8821FFF67E900DB57EA /* ACPopTransition.m */; };
		2B48A8891FFF6B1900DB57EA /* ACInteractionTransitionAnimation.m in Sources */ = {isa = PBXBuildFile; fileRef = 2B48A8881FFF6B1900DB57EA /* ACInteractionTransitionAnimation.m */; };
		2B48A88C1FFF6B6B00DB57EA /* ACInteractiveTrasitionAnimation.m in Sources */ = {isa = PBXBuildFile; fileRef = 2B48A88B1FFF6B6B00DB57EA /* ACInteractiveTrasitionAnimation.m */; };
		2B48A8901FFF7D2C00DB57EA /* UIView+ACSnapshot.m in Sources */ = {isa = PBXBuildFile; fileRef = 2B48A88F1FFF7D2C00DB57EA /* UIView+ACSnapshot.m */; };
		2BAB07D11FF3913D00DFAC18 /* AppDelegate.m in Sources */ = {isa = PBXBuildFile; fileRef = 2BAB07D01FF3913D00DFAC18 /* AppDelegate.m */; };
		2BAB07D41FF3913D00DFAC18 /* ViewController.m in Sources */ = {isa = PBXBuildFile; fileRef = 2BAB07D31FF3913D00DFAC18 /* ViewController.m */; };
		2BAB07D71FF3913D00DFAC18 /* Main.storyboard in Resources */ = {isa = PBXBuildFile; fileRef = 2BAB07D51FF3913D00DFAC18 /* Main.storyboard */; };
		2BAB07D91FF3913D00DFAC18 /* Assets.xcassets in Resources */ = {isa = PBXBuildFile; fileRef = 2BAB07D81FF3913D00DFAC18 /* Assets.xcassets */; };
		2BAB07DC1FF3913D00DFAC18 /* LaunchScreen.storyboard in Resources */ = {isa = PBXBuildFile; fileRef = 2BAB07DA1FF3913D00DFAC18 /* LaunchScreen.storyboard */; };
		2BAB07DF1FF3913D00DFAC18 /* main.m in Sources */ = {isa = PBXBuildFile; fileRef = 2BAB07DE1FF3913D00DFAC18 /* main.m */; };
		2BAB07E71FF3A7A500DFAC18 /* SystemVC.m in Sources */ = {isa = PBXBuildFile; fileRef = 2BAB07E61FF3A7A500DFAC18 /* SystemVC.m */; };
		2BAB07EA1FF3A80900DFAC18 /* ACCameraViewController.m in Sources */ = {isa = PBXBuildFile; fileRef = 2BAB07E91FF3A80900DFAC18 /* ACCameraViewController.m */; };
		2BAB07ED1FF4841800DFAC18 /* ACCameraBaseViewController.m in Sources */ = {isa = PBXBuildFile; fileRef = 2BAB07EC1FF4841800DFAC18 /* ACCameraBaseViewController.m */; };
		2BAB07F01FF48EC000DFAC18 /* ACCameraBottomView.m in Sources */ = {isa = PBXBuildFile; fileRef = 2BAB07EF1FF48EC000DFAC18 /* ACCameraBottomView.m */; };
		2BAB07F31FF48ED000DFAC18 /* ACCameraTopView.m in Sources */ = {isa = PBXBuildFile; fileRef = 2BAB07F21FF48ED000DFAC18 /* ACCameraTopView.m */; };
		2BAB07F71FF4C04300DFAC18 /* ACMotionManager.m in Sources */ = {isa = PBXBuildFile; fileRef = 2BAB07F61FF4C04300DFAC18 /* ACMotionManager.m */; };
		2BAB080F1FF4E34C00DFAC18 /* ACPhotoShowViewController.m in Sources */ = {isa = PBXBuildFile; fileRef = 2BAB080E1FF4E34C00DFAC18 /* ACPhotoShowViewController.m */; };
		2BAB08121FF4F56F00DFAC18 /* ACFaceDetectionViewController.m in Sources */ = {isa = PBXBuildFile; fileRef = 2BAB08111FF4F56F00DFAC18 /* ACFaceDetectionViewController.m */; };
		2BAB08271FF4FDEB00DFAC18 /* ACAlbumBtn.m in Sources */ = {isa = PBXBuildFile; fileRef = 2BAB08181FF4FCB500DFAC18 /* ACAlbumBtn.m */; };
		2BAB08281FF4FDEB00DFAC18 /* ACPhotoAlbumCell.m in Sources */ = {isa = PBXBuildFile; fileRef = 2BAB081A1FF4FCB500DFAC18 /* ACPhotoAlbumCell.m */; };
		2BAB08291FF4FDEB00DFAC18 /* ACPhotoAlbumController.m in Sources */ = {isa = PBXBuildFile; fileRef = 2BAB081C1FF4FCB500DFAC18 /* ACPhotoAlbumController.m */; };
		2BAB082A1FF4FDEB00DFAC18 /* ACPhotoDetailController.m in Sources */ = {isa = PBXBuildFile; fileRef = 2BAB081E1FF4FCB500DFAC18 /* ACPhotoDetailController.m */; };
		2BAB082B1FF4FDEB00DFAC18 /* ACPhotoPickerCell.m in Sources */ = {isa = PBXBuildFile; fileRef = 2BAB08201FF4FCB500DFAC18 /* ACPhotoPickerCell.m */; };
		2BAB082C1FF4FDEB00DFAC18 /* ACPhotoPickerController.m in Sources */ = {isa = PBXBuildFile; fileRef = 2BAB08221FF4FCB500DFAC18 /* ACPhotoPickerController.m */; };
		2BAB082D1FF4FDEB00DFAC18 /* NSIndexSet+Convenience.m in Sources */ = {isa = PBXBuildFile; fileRef = 2BAB08241FF4FCB500DFAC18 /* NSIndexSet+Convenience.m */; };
		2BAB082E1FF4FDEB00DFAC18 /* UICollectionView+Convenience.m in Sources */ = {isa = PBXBuildFile; fileRef = 2BAB08261FF4FCB500DFAC18 /* UICollectionView+Convenience.m */; };
		2BAB08351FF504EB00DFAC18 /* UIView+ACCameraFrame.m in Sources */ = {isa = PBXBuildFile; fileRef = 2BAB08341FF504EB00DFAC18 /* UIView+ACCameraFrame.m */; };
		2BAB08411FFB54B300DFAC18 /* ACCameraFileManager.m in Sources */ = {isa = PBXBuildFile; fileRef = 2BAB08401FFB54B300DFAC18 /* ACCameraFileManager.m */; };
		2BAB08441FFB55A600DFAC18 /* ACFileManager.m in Sources */ = {isa = PBXBuildFile; fileRef = 2BAB08431FFB55A600DFAC18 /* ACFileManager.m */; };
		2BAB084D1FFB841200DFAC18 /* ACBaseFileManager.m in Sources */ = {isa = PBXBuildFile; fileRef = 2BAB084B1FFB841200DFAC18 /* ACBaseFileManager.m */; };
		2BAB08661FFB9C3700DFAC18 /* ACFaceSDK.m in Sources */ = {isa = PBXBuildFile; fileRef = 2BAB08651FFB9C3700DFAC18 /* ACFaceSDK.m */; };
		2BAB08741FFC79E200DFAC18 /* ioapi.c in Sources */ = {isa = PBXBuildFile; fileRef = 2BAB086A1FFC700200DFAC18 /* ioapi.c */; };
		2BAB08751FFC79E200DFAC18 /* mztools.c in Sources */ = {isa = PBXBuildFile; fileRef = 2BAB086C1FFC700200DFAC18 /* mztools.c */; };
		2BAB08761FFC79E200DFAC18 /* unzip.c in Sources */ = {isa = PBXBuildFile; fileRef = 2BAB086E1FFC700200DFAC18 /* unzip.c */; };
		2BAB08771FFC79E200DFAC18 /* zip.c in Sources */ = {isa = PBXBuildFile; fileRef = 2BAB08701FFC700200DFAC18 /* zip.c */; };
		2BAB08781FFC79E200DFAC18 /* ZipArchive.mm in Sources */ = {isa = PBXBuildFile; fileRef = 2BAB08731FFC700200DFAC18 /* ZipArchive.mm */; settings = {COMPILER_FLAGS = "-fno-objc-arc"; }; };
		2BAB088A1FFCA97E00DFAC18 /* ACFaceModel.m in Sources */ = {isa = PBXBuildFile; fileRef = 2BAB08891FFCA97E00DFAC18 /* ACFaceModel.m */; };
		2BAB088D1FFCABEF00DFAC18 /* ACArchiverManager.m in Sources */ = {isa = PBXBuildFile; fileRef = 2BAB088C1FFCABEF00DFAC18 /* ACArchiverManager.m */; };
		2BAB08901FFCB0F800DFAC18 /* ACFaceDataManager.m in Sources */ = {isa = PBXBuildFile; fileRef = 2BAB088F1FFCB0F800DFAC18 /* ACFaceDataManager.m */; };
		2BAB08931FFCD25300DFAC18 /* ACIconShowFlowLayout.m in Sources */ = {isa = PBXBuildFile; fileRef = 2BAB08921FFCD25200DFAC18 /* ACIconShowFlowLayout.m */; };
		2BAB08961FFCD6DA00DFAC18 /* ACIconCollectionCell.m in Sources */ = {isa = PBXBuildFile; fileRef = 2BAB08951FFCD6DA00DFAC18 /* ACIconCollectionCell.m */; };
		2BAB08991FFCF5FF00DFAC18 /* ACOtherCameraViewController.m in Sources */ = {isa = PBXBuildFile; fileRef = 2BAB08981FFCF5FF00DFAC18 /* ACOtherCameraViewController.m */; };
		2BAB08A51FFDC02700DFAC18 /* CameraSerias in Resources */ = {isa = PBXBuildFile; fileRef = 2BAB08A41FFDBFB500DFAC18 /* CameraSerias */; };
		2BAB08A81FFE03E500DFAC18 /* ACTintViewController.m in Sources */ = {isa = PBXBuildFile; fileRef = 2BAB08A71FFE03E500DFAC18 /* ACTintViewController.m */; };
		2BAB08AB1FFE118700DFAC18 /* ACFaceProcessViewController.m in Sources */ = {isa = PBXBuildFile; fileRef = 2BAB08AA1FFE118700DFAC18 /* ACFaceProcessViewController.m */; };
		2BAB08AE1FFF0E7E00DFAC18 /* ACOtherPhotoViewController.m in Sources */ = {isa = PBXBuildFile; fileRef = 2BAB08AD1FFF0E7D00DFAC18 /* ACOtherPhotoViewController.m */; };
		2BAB08B11FFF17A500DFAC18 /* ACCameraNaviView.m in Sources */ = {isa = PBXBuildFile; fileRef = 2BAB08B01FFF17A500DFAC18 /* ACCameraNaviView.m */; };
		2BAB08B41FFF238100DFAC18 /* ACFaceShareViewController.m in Sources */ = {isa = PBXBuildFile; fileRef = 2BAB08B31FFF238100DFAC18 /* ACFaceShareViewController.m */; };
		2BAB08C71FFF4EAE00DFAC18 /* ALAsset+AC.m in Sources */ = {isa = PBXBuildFile; fileRef = 2BAB08C61FFF4EAE00DFAC18 /* ALAsset+AC.m */; };
		2BAB08CA1FFF4EC700DFAC18 /* ALAssetsLibrary+AC.m in Sources */ = {isa = PBXBuildFile; fileRef = 2BAB08C91FFF4EC700DFAC18 /* ALAssetsLibrary+AC.m */; };
		2BAB08CD1FFF4EDD00DFAC18 /* PHAsset+AC.m in Sources */ = {isa = PBXBuildFile; fileRef = 2BAB08CC1FFF4EDD00DFAC18 /* PHAsset+AC.m */; };
		2BAB08D01FFF4F0400DFAC18 /* ACAsset.m in Sources */ = {isa = PBXBuildFile; fileRef = 2BAB08CF1FFF4F0400DFAC18 /* ACAsset.m */; };
		2BAB08D31FFF4F1A00DFAC18 /* ACPhotoTool.m in Sources */ = {isa = PBXBuildFile; fileRef = 2BAB08D21FFF4F1A00DFAC18 /* ACPhotoTool.m */; };
		2BC061AA20030DD900A26929 /* CIImage+ACQRImage.m in Sources */ = {isa = PBXBuildFile; fileRef = 2BC061A920030DD900A26929 /* CIImage+ACQRImage.m */; };
		2BC061B0200312C200A26929 /* UIImage+ACWaterImage.m in Sources */ = {isa = PBXBuildFile; fileRef = 2BC061AE200312C100A26929 /* UIImage+ACWaterImage.m */; };
		2BC061BE2003399F00A26929 /* ACCameraNetworkManager.m in Sources */ = {isa = PBXBuildFile; fileRef = 2BC061BC2003399F00A26929 /* ACCameraNetworkManager.m */; };
		2BC061BF2003399F00A26929 /* ACCameraNetWorking.m in Sources */ = {isa = PBXBuildFile; fileRef = 2BC061BD2003399F00A26929 /* ACCameraNetWorking.m */; };
		2BC061C320034D4E00A26929 /* Loading.bundle in Resources */ = {isa = PBXBuildFile; fileRef = 2BC061C220034D4E00A26929 /* Loading.bundle */; };
		69949F3B0CB1E194D24A204A /* libPods-CameraDemo.a in Frameworks */ = {isa = PBXBuildFile; fileRef = 88999F61ECE5D231C422A0FC /* libPods-CameraDemo.a */; };
		B61961AD2000905100AB7683 /* ACDownLoadManager.m in Sources */ = {isa = PBXBuildFile; fileRef = B61961AA2000905100AB7683 /* ACDownLoadManager.m */; };
		B61961AE2000905100AB7683 /* ACDownLoadTask.m in Sources */ = {isa = PBXBuildFile; fileRef = B61961AC2000905100AB7683 /* ACDownLoadTask.m */; };
		B61961B12001C6B100AB7683 /* ACBaseModel.m in Sources */ = {isa = PBXBuildFile; fileRef = B61961B02001C6B100AB7683 /* ACBaseModel.m */; };
		B61961B420022D1200AB7683 /* ACProgressHUD.m in Sources */ = {isa = PBXBuildFile; fileRef = B61961B220022D1200AB7683 /* ACProgressHUD.m */; };
		B61962372002352C00AB7683 /* ACCameraShareView.m in Sources */ = {isa = PBXBuildFile; fileRef = B61962362002352C00AB7683 /* ACCameraShareView.m */; };
		B619623A2002354D00AB7683 /* ACCameraShareBottomView.m in Sources */ = {isa = PBXBuildFile; fileRef = B61962392002354D00AB7683 /* ACCameraShareBottomView.m */; };
		B619623D2002378200AB7683 /* ACCameraShareCell.m in Sources */ = {isa = PBXBuildFile; fileRef = B619623C2002378200AB7683 /* ACCameraShareCell.m */; };
		B61962402002379E00AB7683 /* ACCameraShareFlowLayout.m in Sources */ = {isa = PBXBuildFile; fileRef = B619623F2002379E00AB7683 /* ACCameraShareFlowLayout.m */; };
		B61962432002717800AB7683 /* ACFaceShareModel.m in Sources */ = {isa = PBXBuildFile; fileRef = B61962422002717800AB7683 /* ACFaceShareModel.m */; };
		B6BF63901FF3D4E7000CE33D /* ACCameraView.m in Sources */ = {isa = PBXBuildFile; fileRef = B6BF638F1FF3D4E7000CE33D /* ACCameraView.m */; };
		B6BF63931FF3DD8C000CE33D /* ACVideoPreView.m in Sources */ = {isa = PBXBuildFile; fileRef = B6BF63921FF3DD8C000CE33D /* ACVideoPreView.m */; };
		B6BF63961FF52529000CE33D /* UIImage+ACCameraFixOrientation.m in Sources */ = {isa = PBXBuildFile; fileRef = B6BF63951FF52529000CE33D /* UIImage+ACCameraFixOrientation.m */; };
/* End PBXBuildFile section */

/* Begin PBXFileReference section */
		2B48A87E1FFF656F00DB57EA /* ACPushTransition.h */ = {isa = PBXFileReference; lastKnownFileType = sourcecode.c.h; path = ACPushTransition.h; sourceTree = "<group>"; };
		2B48A87F1FFF656F00DB57EA /* ACPushTransition.m */ = {isa = PBXFileReference; lastKnownFileType = sourcecode.c.objc; path = ACPushTransition.m; sourceTree = "<group>"; };
		2B48A8811FFF67E900DB57EA /* ACPopTransition.h */ = {isa = PBXFileReference; lastKnownFileType = sourcecode.c.h; path = ACPopTransition.h; sourceTree = "<group>"; };
		2B48A8821FFF67E900DB57EA /* ACPopTransition.m */ = {isa = PBXFileReference; lastKnownFileType = sourcecode.c.objc; path = ACPopTransition.m; sourceTree = "<group>"; };
		2B48A8871FFF6B1900DB57EA /* ACInteractionTransitionAnimation.h */ = {isa = PBXFileReference; lastKnownFileType = sourcecode.c.h; path = ACInteractionTransitionAnimation.h; sourceTree = "<group>"; };
		2B48A8881FFF6B1900DB57EA /* ACInteractionTransitionAnimation.m */ = {isa = PBXFileReference; lastKnownFileType = sourcecode.c.objc; path = ACInteractionTransitionAnimation.m; sourceTree = "<group>"; };
		2B48A88A1FFF6B6B00DB57EA /* ACInteractiveTrasitionAnimation.h */ = {isa = PBXFileReference; lastKnownFileType = sourcecode.c.h; path = ACInteractiveTrasitionAnimation.h; sourceTree = "<group>"; };
		2B48A88B1FFF6B6B00DB57EA /* ACInteractiveTrasitionAnimation.m */ = {isa = PBXFileReference; lastKnownFileType = sourcecode.c.objc; path = ACInteractiveTrasitionAnimation.m; sourceTree = "<group>"; };
		2B48A88D1FFF6C2000DB57EA /* ACNavAnimation.h */ = {isa = PBXFileReference; lastKnownFileType = sourcecode.c.h; path = ACNavAnimation.h; sourceTree = "<group>"; };
		2B48A88E1FFF7D2C00DB57EA /* UIView+ACSnapshot.h */ = {isa = PBXFileReference; lastKnownFileType = sourcecode.c.h; path = "UIView+ACSnapshot.h"; sourceTree = "<group>"; };
		2B48A88F1FFF7D2C00DB57EA /* UIView+ACSnapshot.m */ = {isa = PBXFileReference; lastKnownFileType = sourcecode.c.objc; path = "UIView+ACSnapshot.m"; sourceTree = "<group>"; };
		2BAB07CC1FF3913D00DFAC18 /* CameraDemo.app */ = {isa = PBXFileReference; explicitFileType = wrapper.application; includeInIndex = 0; path = CameraDemo.app; sourceTree = BUILT_PRODUCTS_DIR; };
		2BAB07CF1FF3913D00DFAC18 /* AppDelegate.h */ = {isa = PBXFileReference; lastKnownFileType = sourcecode.c.h; path = AppDelegate.h; sourceTree = "<group>"; };
		2BAB07D01FF3913D00DFAC18 /* AppDelegate.m */ = {isa = PBXFileReference; lastKnownFileType = sourcecode.c.objc; path = AppDelegate.m; sourceTree = "<group>"; };
		2BAB07D21FF3913D00DFAC18 /* ViewController.h */ = {isa = PBXFileReference; lastKnownFileType = sourcecode.c.h; path = ViewController.h; sourceTree = "<group>"; };
		2BAB07D31FF3913D00DFAC18 /* ViewController.m */ = {isa = PBXFileReference; lastKnownFileType = sourcecode.c.objc; path = ViewController.m; sourceTree = "<group>"; };
		2BAB07D61FF3913D00DFAC18 /* Base */ = {isa = PBXFileReference; lastKnownFileType = file.storyboard; name = Base; path = Base.lproj/Main.storyboard; sourceTree = "<group>"; };
		2BAB07D81FF3913D00DFAC18 /* Assets.xcassets */ = {isa = PBXFileReference; lastKnownFileType = folder.assetcatalog; path = Assets.xcassets; sourceTree = "<group>"; };
		2BAB07DB1FF3913D00DFAC18 /* Base */ = {isa = PBXFileReference; lastKnownFileType = file.storyboard; name = Base; path = Base.lproj/LaunchScreen.storyboard; sourceTree = "<group>"; };
		2BAB07DD1FF3913D00DFAC18 /* Info.plist */ = {isa = PBXFileReference; lastKnownFileType = text.plist.xml; path = Info.plist; sourceTree = "<group>"; };
		2BAB07DE1FF3913D00DFAC18 /* main.m */ = {isa = PBXFileReference; lastKnownFileType = sourcecode.c.objc; path = main.m; sourceTree = "<group>"; };
		2BAB07E51FF3A7A500DFAC18 /* SystemVC.h */ = {isa = PBXFileReference; lastKnownFileType = sourcecode.c.h; path = SystemVC.h; sourceTree = "<group>"; };
		2BAB07E61FF3A7A500DFAC18 /* SystemVC.m */ = {isa = PBXFileReference; lastKnownFileType = sourcecode.c.objc; path = SystemVC.m; sourceTree = "<group>"; };
		2BAB07E81FF3A80900DFAC18 /* ACCameraViewController.h */ = {isa = PBXFileReference; lastKnownFileType = sourcecode.c.h; path = ACCameraViewController.h; sourceTree = "<group>"; };
		2BAB07E91FF3A80900DFAC18 /* ACCameraViewController.m */ = {isa = PBXFileReference; lastKnownFileType = sourcecode.c.objc; path = ACCameraViewController.m; sourceTree = "<group>"; };
		2BAB07EB1FF4841800DFAC18 /* ACCameraBaseViewController.h */ = {isa = PBXFileReference; lastKnownFileType = sourcecode.c.h; path = ACCameraBaseViewController.h; sourceTree = "<group>"; };
		2BAB07EC1FF4841800DFAC18 /* ACCameraBaseViewController.m */ = {isa = PBXFileReference; lastKnownFileType = sourcecode.c.objc; path = ACCameraBaseViewController.m; sourceTree = "<group>"; };
		2BAB07EE1FF48EC000DFAC18 /* ACCameraBottomView.h */ = {isa = PBXFileReference; lastKnownFileType = sourcecode.c.h; path = ACCameraBottomView.h; sourceTree = "<group>"; };
		2BAB07EF1FF48EC000DFAC18 /* ACCameraBottomView.m */ = {isa = PBXFileReference; lastKnownFileType = sourcecode.c.objc; path = ACCameraBottomView.m; sourceTree = "<group>"; };
		2BAB07F11FF48ED000DFAC18 /* ACCameraTopView.h */ = {isa = PBXFileReference; lastKnownFileType = sourcecode.c.h; path = ACCameraTopView.h; sourceTree = "<group>"; };
		2BAB07F21FF48ED000DFAC18 /* ACCameraTopView.m */ = {isa = PBXFileReference; lastKnownFileType = sourcecode.c.objc; path = ACCameraTopView.m; sourceTree = "<group>"; };
		2BAB07F51FF4C04300DFAC18 /* ACMotionManager.h */ = {isa = PBXFileReference; lastKnownFileType = sourcecode.c.h; path = ACMotionManager.h; sourceTree = "<group>"; };
		2BAB07F61FF4C04300DFAC18 /* ACMotionManager.m */ = {isa = PBXFileReference; lastKnownFileType = sourcecode.c.objc; path = ACMotionManager.m; sourceTree = "<group>"; };
		2BAB080D1FF4E34C00DFAC18 /* ACPhotoShowViewController.h */ = {isa = PBXFileReference; lastKnownFileType = sourcecode.c.h; path = ACPhotoShowViewController.h; sourceTree = "<group>"; };
		2BAB080E1FF4E34C00DFAC18 /* ACPhotoShowViewController.m */ = {isa = PBXFileReference; lastKnownFileType = sourcecode.c.objc; path = ACPhotoShowViewController.m; sourceTree = "<group>"; };
		2BAB08101FF4F56F00DFAC18 /* ACFaceDetectionViewController.h */ = {isa = PBXFileReference; lastKnownFileType = sourcecode.c.h; path = ACFaceDetectionViewController.h; sourceTree = "<group>"; };
		2BAB08111FF4F56F00DFAC18 /* ACFaceDetectionViewController.m */ = {isa = PBXFileReference; lastKnownFileType = sourcecode.c.objc; path = ACFaceDetectionViewController.m; sourceTree = "<group>"; };
		2BAB08171FF4FCB500DFAC18 /* ACAlbumBtn.h */ = {isa = PBXFileReference; lastKnownFileType = sourcecode.c.h; path = ACAlbumBtn.h; sourceTree = "<group>"; };
		2BAB08181FF4FCB500DFAC18 /* ACAlbumBtn.m */ = {isa = PBXFileReference; lastKnownFileType = sourcecode.c.objc; path = ACAlbumBtn.m; sourceTree = "<group>"; };
		2BAB08191FF4FCB500DFAC18 /* ACPhotoAlbumCell.h */ = {isa = PBXFileReference; lastKnownFileType = sourcecode.c.h; path = ACPhotoAlbumCell.h; sourceTree = "<group>"; };
		2BAB081A1FF4FCB500DFAC18 /* ACPhotoAlbumCell.m */ = {isa = PBXFileReference; lastKnownFileType = sourcecode.c.objc; path = ACPhotoAlbumCell.m; sourceTree = "<group>"; };
		2BAB081B1FF4FCB500DFAC18 /* ACPhotoAlbumController.h */ = {isa = PBXFileReference; lastKnownFileType = sourcecode.c.h; path = ACPhotoAlbumController.h; sourceTree = "<group>"; };
		2BAB081C1FF4FCB500DFAC18 /* ACPhotoAlbumController.m */ = {isa = PBXFileReference; lastKnownFileType = sourcecode.c.objc; path = ACPhotoAlbumController.m; sourceTree = "<group>"; };
		2BAB081D1FF4FCB500DFAC18 /* ACPhotoDetailController.h */ = {isa = PBXFileReference; lastKnownFileType = sourcecode.c.h; path = ACPhotoDetailController.h; sourceTree = "<group>"; };
		2BAB081E1FF4FCB500DFAC18 /* ACPhotoDetailController.m */ = {isa = PBXFileReference; lastKnownFileType = sourcecode.c.objc; path = ACPhotoDetailController.m; sourceTree = "<group>"; };
		2BAB081F1FF4FCB500DFAC18 /* ACPhotoPickerCell.h */ = {isa = PBXFileReference; lastKnownFileType = sourcecode.c.h; path = ACPhotoPickerCell.h; sourceTree = "<group>"; };
		2BAB08201FF4FCB500DFAC18 /* ACPhotoPickerCell.m */ = {isa = PBXFileReference; lastKnownFileType = sourcecode.c.objc; path = ACPhotoPickerCell.m; sourceTree = "<group>"; };
		2BAB08211FF4FCB500DFAC18 /* ACPhotoPickerController.h */ = {isa = PBXFileReference; lastKnownFileType = sourcecode.c.h; path = ACPhotoPickerController.h; sourceTree = "<group>"; };
		2BAB08221FF4FCB500DFAC18 /* ACPhotoPickerController.m */ = {isa = PBXFileReference; lastKnownFileType = sourcecode.c.objc; path = ACPhotoPickerController.m; sourceTree = "<group>"; };
		2BAB08231FF4FCB500DFAC18 /* NSIndexSet+Convenience.h */ = {isa = PBXFileReference; lastKnownFileType = sourcecode.c.h; path = "NSIndexSet+Convenience.h"; sourceTree = "<group>"; };
		2BAB08241FF4FCB500DFAC18 /* NSIndexSet+Convenience.m */ = {isa = PBXFileReference; lastKnownFileType = sourcecode.c.objc; path = "NSIndexSet+Convenience.m"; sourceTree = "<group>"; };
		2BAB08251FF4FCB500DFAC18 /* UICollectionView+Convenience.h */ = {isa = PBXFileReference; lastKnownFileType = sourcecode.c.h; path = "UICollectionView+Convenience.h"; sourceTree = "<group>"; };
		2BAB08261FF4FCB500DFAC18 /* UICollectionView+Convenience.m */ = {isa = PBXFileReference; lastKnownFileType = sourcecode.c.objc; path = "UICollectionView+Convenience.m"; sourceTree = "<group>"; };
		2BAB082F1FF500F500DFAC18 /* ACCameraHeader.h */ = {isa = PBXFileReference; lastKnownFileType = sourcecode.c.h; path = ACCameraHeader.h; sourceTree = "<group>"; };
		2BAB08331FF504EB00DFAC18 /* UIView+ACCameraFrame.h */ = {isa = PBXFileReference; lastKnownFileType = sourcecode.c.h; path = "UIView+ACCameraFrame.h"; sourceTree = "<group>"; };
		2BAB08341FF504EB00DFAC18 /* UIView+ACCameraFrame.m */ = {isa = PBXFileReference; lastKnownFileType = sourcecode.c.objc; path = "UIView+ACCameraFrame.m"; sourceTree = "<group>"; };
		2BAB083F1FFB54B300DFAC18 /* ACCameraFileManager.h */ = {isa = PBXFileReference; lastKnownFileType = sourcecode.c.h; path = ACCameraFileManager.h; sourceTree = "<group>"; };
		2BAB08401FFB54B300DFAC18 /* ACCameraFileManager.m */ = {isa = PBXFileReference; lastKnownFileType = sourcecode.c.objc; path = ACCameraFileManager.m; sourceTree = "<group>"; };
		2BAB08421FFB55A600DFAC18 /* ACFileManager.h */ = {isa = PBXFileReference; lastKnownFileType = sourcecode.c.h; path = ACFileManager.h; sourceTree = "<group>"; };
		2BAB08431FFB55A600DFAC18 /* ACFileManager.m */ = {isa = PBXFileReference; lastKnownFileType = sourcecode.c.objc; path = ACFileManager.m; sourceTree = "<group>"; };
		2BAB084B1FFB841200DFAC18 /* ACBaseFileManager.m */ = {isa = PBXFileReference; lastKnownFileType = sourcecode.c.objc; path = ACBaseFileManager.m; sourceTree = "<group>"; };
		2BAB084C1FFB841200DFAC18 /* ACBaseFileManager.h */ = {isa = PBXFileReference; lastKnownFileType = sourcecode.c.h; path = ACBaseFileManager.h; sourceTree = "<group>"; };
		2BAB08641FFB9C3700DFAC18 /* ACFaceSDK.h */ = {isa = PBXFileReference; lastKnownFileType = sourcecode.c.h; path = ACFaceSDK.h; sourceTree = "<group>"; };
		2BAB08651FFB9C3700DFAC18 /* ACFaceSDK.m */ = {isa = PBXFileReference; lastKnownFileType = sourcecode.c.objc; path = ACFaceSDK.m; sourceTree = "<group>"; };
		2BAB08691FFC700200DFAC18 /* crypt.h */ = {isa = PBXFileReference; lastKnownFileType = sourcecode.c.h; path = crypt.h; sourceTree = "<group>"; };
		2BAB086A1FFC700200DFAC18 /* ioapi.c */ = {isa = PBXFileReference; lastKnownFileType = sourcecode.c.c; path = ioapi.c; sourceTree = "<group>"; };
		2BAB086B1FFC700200DFAC18 /* ioapi.h */ = {isa = PBXFileReference; lastKnownFileType = sourcecode.c.h; path = ioapi.h; sourceTree = "<group>"; };
		2BAB086C1FFC700200DFAC18 /* mztools.c */ = {isa = PBXFileReference; lastKnownFileType = sourcecode.c.c; path = mztools.c; sourceTree = "<group>"; };
		2BAB086D1FFC700200DFAC18 /* mztools.h */ = {isa = PBXFileReference; lastKnownFileType = sourcecode.c.h; path = mztools.h; sourceTree = "<group>"; };
		2BAB086E1FFC700200DFAC18 /* unzip.c */ = {isa = PBXFileReference; lastKnownFileType = sourcecode.c.c; path = unzip.c; sourceTree = "<group>"; };
		2BAB086F1FFC700200DFAC18 /* unzip.h */ = {isa = PBXFileReference; lastKnownFileType = sourcecode.c.h; path = unzip.h; sourceTree = "<group>"; };
		2BAB08701FFC700200DFAC18 /* zip.c */ = {isa = PBXFileReference; lastKnownFileType = sourcecode.c.c; path = zip.c; sourceTree = "<group>"; };
		2BAB08711FFC700200DFAC18 /* zip.h */ = {isa = PBXFileReference; lastKnownFileType = sourcecode.c.h; path = zip.h; sourceTree = "<group>"; };
		2BAB08721FFC700200DFAC18 /* ZipArchive.h */ = {isa = PBXFileReference; lastKnownFileType = sourcecode.c.h; path = ZipArchive.h; sourceTree = "<group>"; };
		2BAB08731FFC700200DFAC18 /* ZipArchive.mm */ = {isa = PBXFileReference; lastKnownFileType = sourcecode.cpp.objcpp; path = ZipArchive.mm; sourceTree = "<group>"; };
		2BAB08881FFCA97E00DFAC18 /* ACFaceModel.h */ = {isa = PBXFileReference; lastKnownFileType = sourcecode.c.h; path = ACFaceModel.h; sourceTree = "<group>"; };
		2BAB08891FFCA97E00DFAC18 /* ACFaceModel.m */ = {isa = PBXFileReference; lastKnownFileType = sourcecode.c.objc; path = ACFaceModel.m; sourceTree = "<group>"; };
		2BAB088B1FFCABEF00DFAC18 /* ACArchiverManager.h */ = {isa = PBXFileReference; lastKnownFileType = sourcecode.c.h; path = ACArchiverManager.h; sourceTree = "<group>"; };
		2BAB088C1FFCABEF00DFAC18 /* ACArchiverManager.m */ = {isa = PBXFileReference; lastKnownFileType = sourcecode.c.objc; path = ACArchiverManager.m; sourceTree = "<group>"; };
		2BAB088E1FFCB0F800DFAC18 /* ACFaceDataManager.h */ = {isa = PBXFileReference; lastKnownFileType = sourcecode.c.h; path = ACFaceDataManager.h; sourceTree = "<group>"; };
		2BAB088F1FFCB0F800DFAC18 /* ACFaceDataManager.m */ = {isa = PBXFileReference; lastKnownFileType = sourcecode.c.objc; path = ACFaceDataManager.m; sourceTree = "<group>"; };
		2BAB08911FFCD25200DFAC18 /* ACIconShowFlowLayout.h */ = {isa = PBXFileReference; lastKnownFileType = sourcecode.c.h; path = ACIconShowFlowLayout.h; sourceTree = "<group>"; };
		2BAB08921FFCD25200DFAC18 /* ACIconShowFlowLayout.m */ = {isa = PBXFileReference; lastKnownFileType = sourcecode.c.objc; path = ACIconShowFlowLayout.m; sourceTree = "<group>"; };
		2BAB08941FFCD6DA00DFAC18 /* ACIconCollectionCell.h */ = {isa = PBXFileReference; lastKnownFileType = sourcecode.c.h; path = ACIconCollectionCell.h; sourceTree = "<group>"; };
		2BAB08951FFCD6DA00DFAC18 /* ACIconCollectionCell.m */ = {isa = PBXFileReference; lastKnownFileType = sourcecode.c.objc; path = ACIconCollectionCell.m; sourceTree = "<group>"; };
		2BAB08971FFCF5FF00DFAC18 /* ACOtherCameraViewController.h */ = {isa = PBXFileReference; lastKnownFileType = sourcecode.c.h; path = ACOtherCameraViewController.h; sourceTree = "<group>"; };
		2BAB08981FFCF5FF00DFAC18 /* ACOtherCameraViewController.m */ = {isa = PBXFileReference; lastKnownFileType = sourcecode.c.objc; path = ACOtherCameraViewController.m; sourceTree = "<group>"; };
		2BAB08A41FFDBFB500DFAC18 /* CameraSerias */ = {isa = PBXFileReference; lastKnownFileType = folder; path = CameraSerias; sourceTree = "<group>"; };
		2BAB08A61FFE03E500DFAC18 /* ACTintViewController.h */ = {isa = PBXFileReference; lastKnownFileType = sourcecode.c.h; path = ACTintViewController.h; sourceTree = "<group>"; };
		2BAB08A71FFE03E500DFAC18 /* ACTintViewController.m */ = {isa = PBXFileReference; lastKnownFileType = sourcecode.c.objc; path = ACTintViewController.m; sourceTree = "<group>"; };
		2BAB08A91FFE118700DFAC18 /* ACFaceProcessViewController.h */ = {isa = PBXFileReference; lastKnownFileType = sourcecode.c.h; path = ACFaceProcessViewController.h; sourceTree = "<group>"; };
		2BAB08AA1FFE118700DFAC18 /* ACFaceProcessViewController.m */ = {isa = PBXFileReference; lastKnownFileType = sourcecode.c.objc; path = ACFaceProcessViewController.m; sourceTree = "<group>"; };
		2BAB08AC1FFF0E7D00DFAC18 /* ACOtherPhotoViewController.h */ = {isa = PBXFileReference; lastKnownFileType = sourcecode.c.h; path = ACOtherPhotoViewController.h; sourceTree = "<group>"; };
		2BAB08AD1FFF0E7D00DFAC18 /* ACOtherPhotoViewController.m */ = {isa = PBXFileReference; lastKnownFileType = sourcecode.c.objc; path = ACOtherPhotoViewController.m; sourceTree = "<group>"; };
		2BAB08AF1FFF17A500DFAC18 /* ACCameraNaviView.h */ = {isa = PBXFileReference; lastKnownFileType = sourcecode.c.h; path = ACCameraNaviView.h; sourceTree = "<group>"; };
		2BAB08B01FFF17A500DFAC18 /* ACCameraNaviView.m */ = {isa = PBXFileReference; lastKnownFileType = sourcecode.c.objc; path = ACCameraNaviView.m; sourceTree = "<group>"; };
		2BAB08B21FFF238100DFAC18 /* ACFaceShareViewController.h */ = {isa = PBXFileReference; lastKnownFileType = sourcecode.c.h; path = ACFaceShareViewController.h; sourceTree = "<group>"; };
		2BAB08B31FFF238100DFAC18 /* ACFaceShareViewController.m */ = {isa = PBXFileReference; lastKnownFileType = sourcecode.c.objc; path = ACFaceShareViewController.m; sourceTree = "<group>"; };
		2BAB08C51FFF4EAE00DFAC18 /* ALAsset+AC.h */ = {isa = PBXFileReference; lastKnownFileType = sourcecode.c.h; path = "ALAsset+AC.h"; sourceTree = "<group>"; };
		2BAB08C61FFF4EAE00DFAC18 /* ALAsset+AC.m */ = {isa = PBXFileReference; lastKnownFileType = sourcecode.c.objc; path = "ALAsset+AC.m"; sourceTree = "<group>"; };
		2BAB08C81FFF4EC700DFAC18 /* ALAssetsLibrary+AC.h */ = {isa = PBXFileReference; lastKnownFileType = sourcecode.c.h; path = "ALAssetsLibrary+AC.h"; sourceTree = "<group>"; };
		2BAB08C91FFF4EC700DFAC18 /* ALAssetsLibrary+AC.m */ = {isa = PBXFileReference; lastKnownFileType = sourcecode.c.objc; path = "ALAssetsLibrary+AC.m"; sourceTree = "<group>"; };
		2BAB08CB1FFF4EDD00DFAC18 /* PHAsset+AC.h */ = {isa = PBXFileReference; lastKnownFileType = sourcecode.c.h; path = "PHAsset+AC.h"; sourceTree = "<group>"; };
		2BAB08CC1FFF4EDD00DFAC18 /* PHAsset+AC.m */ = {isa = PBXFileReference; lastKnownFileType = sourcecode.c.objc; path = "PHAsset+AC.m"; sourceTree = "<group>"; };
		2BAB08CE1FFF4F0400DFAC18 /* ACAsset.h */ = {isa = PBXFileReference; lastKnownFileType = sourcecode.c.h; path = ACAsset.h; sourceTree = "<group>"; };
		2BAB08CF1FFF4F0400DFAC18 /* ACAsset.m */ = {isa = PBXFileReference; lastKnownFileType = sourcecode.c.objc; path = ACAsset.m; sourceTree = "<group>"; };
		2BAB08D11FFF4F1A00DFAC18 /* ACPhotoTool.h */ = {isa = PBXFileReference; lastKnownFileType = sourcecode.c.h; path = ACPhotoTool.h; sourceTree = "<group>"; };
		2BAB08D21FFF4F1A00DFAC18 /* ACPhotoTool.m */ = {isa = PBXFileReference; lastKnownFileType = sourcecode.c.objc; path = ACPhotoTool.m; sourceTree = "<group>"; };
		2BC061A820030DD800A26929 /* CIImage+ACQRImage.h */ = {isa = PBXFileReference; lastKnownFileType = sourcecode.c.h; path = "CIImage+ACQRImage.h"; sourceTree = "<group>"; };
		2BC061A920030DD900A26929 /* CIImage+ACQRImage.m */ = {isa = PBXFileReference; lastKnownFileType = sourcecode.c.objc; path = "CIImage+ACQRImage.m"; sourceTree = "<group>"; };
		2BC061AE200312C100A26929 /* UIImage+ACWaterImage.m */ = {isa = PBXFileReference; lastKnownFileType = sourcecode.c.objc; path = "UIImage+ACWaterImage.m"; sourceTree = "<group>"; };
		2BC061AF200312C200A26929 /* UIImage+ACWaterImage.h */ = {isa = PBXFileReference; lastKnownFileType = sourcecode.c.h; path = "UIImage+ACWaterImage.h"; sourceTree = "<group>"; };
		2BC061BA2003399E00A26929 /* ACCameraNetWorking.h */ = {isa = PBXFileReference; lastKnownFileType = sourcecode.c.h; path = ACCameraNetWorking.h; sourceTree = "<group>"; };
		2BC061BB2003399F00A26929 /* ACCameraNetworkManager.h */ = {isa = PBXFileReference; lastKnownFileType = sourcecode.c.h; path = ACCameraNetworkManager.h; sourceTree = "<group>"; };
		2BC061BC2003399F00A26929 /* ACCameraNetworkManager.m */ = {isa = PBXFileReference; lastKnownFileType = sourcecode.c.objc; path = ACCameraNetworkManager.m; sourceTree = "<group>"; };
		2BC061BD2003399F00A26929 /* ACCameraNetWorking.m */ = {isa = PBXFileReference; lastKnownFileType = sourcecode.c.objc; path = ACCameraNetWorking.m; sourceTree = "<group>"; };
		2BC061C220034D4E00A26929 /* Loading.bundle */ = {isa = PBXFileReference; lastKnownFileType = "wrapper.plug-in"; path = Loading.bundle; sourceTree = "<group>"; };
		88999F61ECE5D231C422A0FC /* libPods-CameraDemo.a */ = {isa = PBXFileReference; explicitFileType = archive.ar; includeInIndex = 0; path = "libPods-CameraDemo.a"; sourceTree = BUILT_PRODUCTS_DIR; };
		B61961A92000905100AB7683 /* ACDownLoadManager.h */ = {isa = PBXFileReference; fileEncoding = 4; lastKnownFileType = sourcecode.c.h; path = ACDownLoadManager.h; sourceTree = "<group>"; };
		B61961AA2000905100AB7683 /* ACDownLoadManager.m */ = {isa = PBXFileReference; fileEncoding = 4; lastKnownFileType = sourcecode.c.objc; path = ACDownLoadManager.m; sourceTree = "<group>"; };
		B61961AB2000905100AB7683 /* ACDownLoadTask.h */ = {isa = PBXFileReference; fileEncoding = 4; lastKnownFileType = sourcecode.c.h; path = ACDownLoadTask.h; sourceTree = "<group>"; };
		B61961AC2000905100AB7683 /* ACDownLoadTask.m */ = {isa = PBXFileReference; fileEncoding = 4; lastKnownFileType = sourcecode.c.objc; path = ACDownLoadTask.m; sourceTree = "<group>"; };
		B61961AF2001C6B100AB7683 /* ACBaseModel.h */ = {isa = PBXFileReference; lastKnownFileType = sourcecode.c.h; path = ACBaseModel.h; sourceTree = "<group>"; };
		B61961B02001C6B100AB7683 /* ACBaseModel.m */ = {isa = PBXFileReference; lastKnownFileType = sourcecode.c.objc; path = ACBaseModel.m; sourceTree = "<group>"; };
		B61961B220022D1200AB7683 /* ACProgressHUD.m */ = {isa = PBXFileReference; fileEncoding = 4; lastKnownFileType = sourcecode.c.objc; path = ACProgressHUD.m; sourceTree = "<group>"; };
		B61961B320022D1200AB7683 /* ACProgressHUD.h */ = {isa = PBXFileReference; fileEncoding = 4; lastKnownFileType = sourcecode.c.h; path = ACProgressHUD.h; sourceTree = "<group>"; };
		B61962352002352C00AB7683 /* ACCameraShareView.h */ = {isa = PBXFileReference; lastKnownFileType = sourcecode.c.h; path = ACCameraShareView.h; sourceTree = "<group>"; };
		B61962362002352C00AB7683 /* ACCameraShareView.m */ = {isa = PBXFileReference; lastKnownFileType = sourcecode.c.objc; path = ACCameraShareView.m; sourceTree = "<group>"; };
		B61962382002354D00AB7683 /* ACCameraShareBottomView.h */ = {isa = PBXFileReference; lastKnownFileType = sourcecode.c.h; path = ACCameraShareBottomView.h; sourceTree = "<group>"; };
		B61962392002354D00AB7683 /* ACCameraShareBottomView.m */ = {isa = PBXFileReference; lastKnownFileType = sourcecode.c.objc; path = ACCameraShareBottomView.m; sourceTree = "<group>"; };
		B619623B2002378200AB7683 /* ACCameraShareCell.h */ = {isa = PBXFileReference; lastKnownFileType = sourcecode.c.h; path = ACCameraShareCell.h; sourceTree = "<group>"; };
		B619623C2002378200AB7683 /* ACCameraShareCell.m */ = {isa = PBXFileReference; lastKnownFileType = sourcecode.c.objc; path = ACCameraShareCell.m; sourceTree = "<group>"; };
		B619623E2002379E00AB7683 /* ACCameraShareFlowLayout.h */ = {isa = PBXFileReference; lastKnownFileType = sourcecode.c.h; path = ACCameraShareFlowLayout.h; sourceTree = "<group>"; };
		B619623F2002379E00AB7683 /* ACCameraShareFlowLayout.m */ = {isa = PBXFileReference; lastKnownFileType = sourcecode.c.objc; path = ACCameraShareFlowLayout.m; sourceTree = "<group>"; };
		B61962412002717800AB7683 /* ACFaceShareModel.h */ = {isa = PBXFileReference; lastKnownFileType = sourcecode.c.h; path = ACFaceShareModel.h; sourceTree = "<group>"; };
		B61962422002717800AB7683 /* ACFaceShareModel.m */ = {isa = PBXFileReference; lastKnownFileType = sourcecode.c.objc; path = ACFaceShareModel.m; sourceTree = "<group>"; };
		B6BF638E1FF3D4E7000CE33D /* ACCameraView.h */ = {isa = PBXFileReference; lastKnownFileType = sourcecode.c.h; path = ACCameraView.h; sourceTree = "<group>"; };
		B6BF638F1FF3D4E7000CE33D /* ACCameraView.m */ = {isa = PBXFileReference; lastKnownFileType = sourcecode.c.objc; path = ACCameraView.m; sourceTree = "<group>"; };
		B6BF63911FF3DD8C000CE33D /* ACVideoPreView.h */ = {isa = PBXFileReference; lastKnownFileType = sourcecode.c.h; path = ACVideoPreView.h; sourceTree = "<group>"; };
		B6BF63921FF3DD8C000CE33D /* ACVideoPreView.m */ = {isa = PBXFileReference; lastKnownFileType = sourcecode.c.objc; path = ACVideoPreView.m; sourceTree = "<group>"; };
		B6BF63941FF52529000CE33D /* UIImage+ACCameraFixOrientation.h */ = {isa = PBXFileReference; lastKnownFileType = sourcecode.c.h; path = "UIImage+ACCameraFixOrientation.h"; sourceTree = "<group>"; };
		B6BF63951FF52529000CE33D /* UIImage+ACCameraFixOrientation.m */ = {isa = PBXFileReference; lastKnownFileType = sourcecode.c.objc; path = "UIImage+ACCameraFixOrientation.m"; sourceTree = "<group>"; };
		BA8FCB3DDD32F8D9395F0AB7 /* Pods-CameraDemo.debug.xcconfig */ = {isa = PBXFileReference; includeInIndex = 1; lastKnownFileType = text.xcconfig; name = "Pods-CameraDemo.debug.xcconfig"; path = "Pods/Target Support Files/Pods-CameraDemo/Pods-CameraDemo.debug.xcconfig"; sourceTree = "<group>"; };
		C8A24F05D0337AAF934D2589 /* Pods-CameraDemo.release.xcconfig */ = {isa = PBXFileReference; includeInIndex = 1; lastKnownFileType = text.xcconfig; name = "Pods-CameraDemo.release.xcconfig"; path = "Pods/Target Support Files/Pods-CameraDemo/Pods-CameraDemo.release.xcconfig"; sourceTree = "<group>"; };
/* End PBXFileReference section */

/* Begin PBXFrameworksBuildPhase section */
		2BAB07C91FF3913D00DFAC18 /* Frameworks */ = {
			isa = PBXFrameworksBuildPhase;
			buildActionMask = 2147483647;
			files = (
				69949F3B0CB1E194D24A204A /* libPods-CameraDemo.a in Frameworks */,
			);
			runOnlyForDeploymentPostprocessing = 0;
		};
/* End PBXFrameworksBuildPhase section */

/* Begin PBXGroup section */
		2B48A87D1FFF655500DB57EA /* Transition */ = {
			isa = PBXGroup;
			children = (
				2B48A88D1FFF6C2000DB57EA /* ACNavAnimation.h */,
				2B48A87E1FFF656F00DB57EA /* ACPushTransition.h */,
				2B48A87F1FFF656F00DB57EA /* ACPushTransition.m */,
				2B48A8811FFF67E900DB57EA /* ACPopTransition.h */,
				2B48A8821FFF67E900DB57EA /* ACPopTransition.m */,
				2B48A8871FFF6B1900DB57EA /* ACInteractionTransitionAnimation.h */,
				2B48A8881FFF6B1900DB57EA /* ACInteractionTransitionAnimation.m */,
				2B48A88A1FFF6B6B00DB57EA /* ACInteractiveTrasitionAnimation.h */,
				2B48A88B1FFF6B6B00DB57EA /* ACInteractiveTrasitionAnimation.m */,
				2B48A88E1FFF7D2C00DB57EA /* UIView+ACSnapshot.h */,
				2B48A88F1FFF7D2C00DB57EA /* UIView+ACSnapshot.m */,
			);
			path = Transition;
			sourceTree = "<group>";
		};
		2B48A8911FFF94E100DB57EA /* ACCamera */ = {
			isa = PBXGroup;
			children = (
				2BAB07EB1FF4841800DFAC18 /* ACCameraBaseViewController.h */,
				2BAB07EC1FF4841800DFAC18 /* ACCameraBaseViewController.m */,
				2BAB07E81FF3A80900DFAC18 /* ACCameraViewController.h */,
				2BAB07E91FF3A80900DFAC18 /* ACCameraViewController.m */,
				2BAB07F51FF4C04300DFAC18 /* ACMotionManager.h */,
				2BAB07F61FF4C04300DFAC18 /* ACMotionManager.m */,
				B6BF638E1FF3D4E7000CE33D /* ACCameraView.h */,
				B6BF638F1FF3D4E7000CE33D /* ACCameraView.m */,
				2BAB08AF1FFF17A500DFAC18 /* ACCameraNaviView.h */,
				2BAB08B01FFF17A500DFAC18 /* ACCameraNaviView.m */,
				2BAB07EE1FF48EC000DFAC18 /* ACCameraBottomView.h */,
				2BAB07EF1FF48EC000DFAC18 /* ACCameraBottomView.m */,
				2BAB07F11FF48ED000DFAC18 /* ACCameraTopView.h */,
				2BAB07F21FF48ED000DFAC18 /* ACCameraTopView.m */,
				B6BF63911FF3DD8C000CE33D /* ACVideoPreView.h */,
				B6BF63921FF3DD8C000CE33D /* ACVideoPreView.m */,
			);
			path = ACCamera;
			sourceTree = "<group>";
		};
		2B48A8921FFF96CF00DB57EA /* Controller */ = {
			isa = PBXGroup;
			children = (
				2BAB08A61FFE03E500DFAC18 /* ACTintViewController.h */,
				2BAB08A71FFE03E500DFAC18 /* ACTintViewController.m */,
				2BAB08101FF4F56F00DFAC18 /* ACFaceDetectionViewController.h */,
				2BAB08111FF4F56F00DFAC18 /* ACFaceDetectionViewController.m */,
				2BAB080D1FF4E34C00DFAC18 /* ACPhotoShowViewController.h */,
				2BAB080E1FF4E34C00DFAC18 /* ACPhotoShowViewController.m */,
				2BAB08A91FFE118700DFAC18 /* ACFaceProcessViewController.h */,
				2BAB08AA1FFE118700DFAC18 /* ACFaceProcessViewController.m */,
				2BAB08B21FFF238100DFAC18 /* ACFaceShareViewController.h */,
				2BAB08B31FFF238100DFAC18 /* ACFaceShareViewController.m */,
			);
			path = Controller;
			sourceTree = "<group>";
		};
		2B48A8931FFF96EE00DB57EA /* Model */ = {
			isa = PBXGroup;
			children = (
				B61961AF2001C6B100AB7683 /* ACBaseModel.h */,
				B61961B02001C6B100AB7683 /* ACBaseModel.m */,
				2BAB08881FFCA97E00DFAC18 /* ACFaceModel.h */,
				2BAB08891FFCA97E00DFAC18 /* ACFaceModel.m */,
				B61962412002717800AB7683 /* ACFaceShareModel.h */,
				B61962422002717800AB7683 /* ACFaceShareModel.m */,
			);
			path = Model;
			sourceTree = "<group>";
		};
		2BAB07C31FF3913D00DFAC18 = {
			isa = PBXGroup;
			children = (
				2BAB07CE1FF3913D00DFAC18 /* CameraDemo */,
				2BAB07CD1FF3913D00DFAC18 /* Products */,
				96D779807FAE9168C813D98F /* Pods */,
				997E92AE57EDF049B28F6BBC /* Frameworks */,
			);
			sourceTree = "<group>";
		};
		2BAB07CD1FF3913D00DFAC18 /* Products */ = {
			isa = PBXGroup;
			children = (
				2BAB07CC1FF3913D00DFAC18 /* CameraDemo.app */,
			);
			name = Products;
			sourceTree = "<group>";
		};
		2BAB07CE1FF3913D00DFAC18 /* CameraDemo */ = {
			isa = PBXGroup;
			children = (
				2BAB08A21FFDBEF100DFAC18 /* Resources */,
				2BAB07CF1FF3913D00DFAC18 /* AppDelegate.h */,
				2BAB07D01FF3913D00DFAC18 /* AppDelegate.m */,
				2BAB07E51FF3A7A500DFAC18 /* SystemVC.h */,
				2BAB07E61FF3A7A500DFAC18 /* SystemVC.m */,
				2BAB07D21FF3913D00DFAC18 /* ViewController.h */,
				2BAB07D31FF3913D00DFAC18 /* ViewController.m */,
				2BAB08AC1FFF0E7D00DFAC18 /* ACOtherPhotoViewController.h */,
				2BAB08AD1FFF0E7D00DFAC18 /* ACOtherPhotoViewController.m */,
				2BAB08971FFCF5FF00DFAC18 /* ACOtherCameraViewController.h */,
				2BAB08981FFCF5FF00DFAC18 /* ACOtherCameraViewController.m */,
				2BAB07F41FF4BFF500DFAC18 /* ACCameraView */,
				2BAB07D51FF3913D00DFAC18 /* Main.storyboard */,
				2BAB07D81FF3913D00DFAC18 /* Assets.xcassets */,
				2BAB07DA1FF3913D00DFAC18 /* LaunchScreen.storyboard */,
				2BAB07DD1FF3913D00DFAC18 /* Info.plist */,
				2BAB07DE1FF3913D00DFAC18 /* main.m */,
			);
			path = CameraDemo;
			sourceTree = "<group>";
		};
		2BAB07F41FF4BFF500DFAC18 /* ACCameraView */ = {
			isa = PBXGroup;
			children = (
				2BAB08631FFB9C2300DFAC18 /* ACFaceSDK */,
			);
			path = ACCameraView;
			sourceTree = "<group>";
		};
		2BAB08131FF4FC3900DFAC18 /* View */ = {
			isa = PBXGroup;
			children = (
				B61961B320022D1200AB7683 /* ACProgressHUD.h */,
				B61961B220022D1200AB7683 /* ACProgressHUD.m */,
				2BAB08911FFCD25200DFAC18 /* ACIconShowFlowLayout.h */,
				2BAB08921FFCD25200DFAC18 /* ACIconShowFlowLayout.m */,
				2BAB08941FFCD6DA00DFAC18 /* ACIconCollectionCell.h */,
				2BAB08951FFCD6DA00DFAC18 /* ACIconCollectionCell.m */,
				B61962352002352C00AB7683 /* ACCameraShareView.h */,
				B61962362002352C00AB7683 /* ACCameraShareView.m */,
				B61962382002354D00AB7683 /* ACCameraShareBottomView.h */,
				B61962392002354D00AB7683 /* ACCameraShareBottomView.m */,
				B619623B2002378200AB7683 /* ACCameraShareCell.h */,
				B619623C2002378200AB7683 /* ACCameraShareCell.m */,
				B619623E2002379E00AB7683 /* ACCameraShareFlowLayout.h */,
				B619623F2002379E00AB7683 /* ACCameraShareFlowLayout.m */,
			);
			path = View;
			sourceTree = "<group>";
		};
		2BAB08141FF4FC5300DFAC18 /* Controllers */ = {
			isa = PBXGroup;
			children = (
				2B48A8921FFF96CF00DB57EA /* Controller */,
				2BAB08131FF4FC3900DFAC18 /* View */,
			);
			path = Controllers;
			sourceTree = "<group>";
		};
		2BAB08151FF4FC6E00DFAC18 /* Tools */ = {
			isa = PBXGroup;
			children = (
				2BC061A820030DD800A26929 /* CIImage+ACQRImage.h */,
				2BC061A920030DD900A26929 /* CIImage+ACQRImage.m */,
				2BC061AF200312C200A26929 /* UIImage+ACWaterImage.h */,
				2BC061AE200312C100A26929 /* UIImage+ACWaterImage.m */,
				2BC061C020033ADF00A26929 /* ACDataManager */,
				B61961A82000905100AB7683 /* ACDownLoadManager */,
				2BAB08B51FFF49BA00DFAC18 /* Photo */,
				2BAB08671FFC700200DFAC18 /* ZipArchive */,
			);
			path = Tools;
			sourceTree = "<group>";
		};
		2BAB08161FF4FCB500DFAC18 /* PhotoPicker */ = {
			isa = PBXGroup;
			children = (
				2BAB08211FF4FCB500DFAC18 /* ACPhotoPickerController.h */,
				2BAB08221FF4FCB500DFAC18 /* ACPhotoPickerController.m */,
				2BAB08171FF4FCB500DFAC18 /* ACAlbumBtn.h */,
				2BAB08181FF4FCB500DFAC18 /* ACAlbumBtn.m */,
				2BAB08191FF4FCB500DFAC18 /* ACPhotoAlbumCell.h */,
				2BAB081A1FF4FCB500DFAC18 /* ACPhotoAlbumCell.m */,
				2BAB081B1FF4FCB500DFAC18 /* ACPhotoAlbumController.h */,
				2BAB081C1FF4FCB500DFAC18 /* ACPhotoAlbumController.m */,
				2BAB081D1FF4FCB500DFAC18 /* ACPhotoDetailController.h */,
				2BAB081E1FF4FCB500DFAC18 /* ACPhotoDetailController.m */,
				2BAB081F1FF4FCB500DFAC18 /* ACPhotoPickerCell.h */,
				2BAB08201FF4FCB500DFAC18 /* ACPhotoPickerCell.m */,
				2BAB08331FF504EB00DFAC18 /* UIView+ACCameraFrame.h */,
				2BAB08341FF504EB00DFAC18 /* UIView+ACCameraFrame.m */,
				2BAB08231FF4FCB500DFAC18 /* NSIndexSet+Convenience.h */,
				2BAB08241FF4FCB500DFAC18 /* NSIndexSet+Convenience.m */,
				2BAB08251FF4FCB500DFAC18 /* UICollectionView+Convenience.h */,
				2BAB08261FF4FCB500DFAC18 /* UICollectionView+Convenience.m */,
				B6BF63941FF52529000CE33D /* UIImage+ACCameraFixOrientation.h */,
				B6BF63951FF52529000CE33D /* UIImage+ACCameraFixOrientation.m */,
			);
			path = PhotoPicker;
			sourceTree = "<group>";
		};
		2BAB08631FFB9C2300DFAC18 /* ACFaceSDK */ = {
			isa = PBXGroup;
			children = (
				2BC061C120034D1B00A26929 /* Resourcess */,
				2BAB08641FFB9C3700DFAC18 /* ACFaceSDK.h */,
				2BAB08651FFB9C3700DFAC18 /* ACFaceSDK.m */,
				2BAB082F1FF500F500DFAC18 /* ACCameraHeader.h */,
				2B48A8931FFF96EE00DB57EA /* Model */,
				2BAB08151FF4FC6E00DFAC18 /* Tools */,
				2BAB08141FF4FC5300DFAC18 /* Controllers */,
				2B48A87D1FFF655500DB57EA /* Transition */,
				2B48A8911FFF94E100DB57EA /* ACCamera */,
				2BAB08161FF4FCB500DFAC18 /* PhotoPicker */,
			);
			path = ACFaceSDK;
			sourceTree = "<group>";
		};
		2BAB08671FFC700200DFAC18 /* ZipArchive */ = {
			isa = PBXGroup;
			children = (
				2BAB08681FFC700200DFAC18 /* minizip */,
				2BAB08721FFC700200DFAC18 /* ZipArchive.h */,
				2BAB08731FFC700200DFAC18 /* ZipArchive.mm */,
			);
			path = ZipArchive;
			sourceTree = "<group>";
		};
		2BAB08681FFC700200DFAC18 /* minizip */ = {
			isa = PBXGroup;
			children = (
				2BAB08691FFC700200DFAC18 /* crypt.h */,
				2BAB086A1FFC700200DFAC18 /* ioapi.c */,
				2BAB086B1FFC700200DFAC18 /* ioapi.h */,
				2BAB086C1FFC700200DFAC18 /* mztools.c */,
				2BAB086D1FFC700200DFAC18 /* mztools.h */,
				2BAB086E1FFC700200DFAC18 /* unzip.c */,
				2BAB086F1FFC700200DFAC18 /* unzip.h */,
				2BAB08701FFC700200DFAC18 /* zip.c */,
				2BAB08711FFC700200DFAC18 /* zip.h */,
			);
			path = minizip;
			sourceTree = "<group>";
		};
		2BAB08A21FFDBEF100DFAC18 /* Resources */ = {
			isa = PBXGroup;
			children = (
				2BAB08A41FFDBFB500DFAC18 /* CameraSerias */,
			);
			path = Resources;
			sourceTree = "<group>";
		};
		2BAB08B51FFF49BA00DFAC18 /* Photo */ = {
			isa = PBXGroup;
			children = (
				2BAB08C51FFF4EAE00DFAC18 /* ALAsset+AC.h */,
				2BAB08C61FFF4EAE00DFAC18 /* ALAsset+AC.m */,
				2BAB08C81FFF4EC700DFAC18 /* ALAssetsLibrary+AC.h */,
				2BAB08C91FFF4EC700DFAC18 /* ALAssetsLibrary+AC.m */,
				2BAB08CB1FFF4EDD00DFAC18 /* PHAsset+AC.h */,
				2BAB08CC1FFF4EDD00DFAC18 /* PHAsset+AC.m */,
				2BAB08CE1FFF4F0400DFAC18 /* ACAsset.h */,
				2BAB08CF1FFF4F0400DFAC18 /* ACAsset.m */,
				2BAB08D11FFF4F1A00DFAC18 /* ACPhotoTool.h */,
				2BAB08D21FFF4F1A00DFAC18 /* ACPhotoTool.m */,
			);
			path = Photo;
			sourceTree = "<group>";
		};
		2BC061C020033ADF00A26929 /* ACDataManager */ = {
			isa = PBXGroup;
			children = (
				2BAB08421FFB55A600DFAC18 /* ACFileManager.h */,
				2BAB08431FFB55A600DFAC18 /* ACFileManager.m */,
				2BAB084C1FFB841200DFAC18 /* ACBaseFileManager.h */,
				2BAB084B1FFB841200DFAC18 /* ACBaseFileManager.m */,
				2BAB083F1FFB54B300DFAC18 /* ACCameraFileManager.h */,
				2BAB08401FFB54B300DFAC18 /* ACCameraFileManager.m */,
				2BAB088B1FFCABEF00DFAC18 /* ACArchiverManager.h */,
				2BAB088C1FFCABEF00DFAC18 /* ACArchiverManager.m */,
				2BAB088E1FFCB0F800DFAC18 /* ACFaceDataManager.h */,
				2BAB088F1FFCB0F800DFAC18 /* ACFaceDataManager.m */,
			);
			path = ACDataManager;
			sourceTree = "<group>";
		};
		2BC061C120034D1B00A26929 /* Resourcess */ = {
			isa = PBXGroup;
			children = (
				2BC061C220034D4E00A26929 /* Loading.bundle */,
			);
			path = Resourcess;
			sourceTree = "<group>";
		};
		96D779807FAE9168C813D98F /* Pods */ = {
			isa = PBXGroup;
			children = (
				BA8FCB3DDD32F8D9395F0AB7 /* Pods-CameraDemo.debug.xcconfig */,
				C8A24F05D0337AAF934D2589 /* Pods-CameraDemo.release.xcconfig */,
			);
			name = Pods;
			sourceTree = "<group>";
		};
		997E92AE57EDF049B28F6BBC /* Frameworks */ = {
			isa = PBXGroup;
			children = (
				88999F61ECE5D231C422A0FC /* libPods-CameraDemo.a */,
			);
			name = Frameworks;
			sourceTree = "<group>";
		};
		B61961A82000905100AB7683 /* ACDownLoadManager */ = {
			isa = PBXGroup;
			children = (
				2BC061BA2003399E00A26929 /* ACCameraNetWorking.h */,
				2BC061BD2003399F00A26929 /* ACCameraNetWorking.m */,
				2BC061BB2003399F00A26929 /* ACCameraNetworkManager.h */,
				2BC061BC2003399F00A26929 /* ACCameraNetworkManager.m */,
				B61961A92000905100AB7683 /* ACDownLoadManager.h */,
				B61961AA2000905100AB7683 /* ACDownLoadManager.m */,
				B61961AB2000905100AB7683 /* ACDownLoadTask.h */,
				B61961AC2000905100AB7683 /* ACDownLoadTask.m */,
			);
			path = ACDownLoadManager;
			sourceTree = "<group>";
		};
/* End PBXGroup section */

/* Begin PBXNativeTarget section */
		2BAB07CB1FF3913D00DFAC18 /* CameraDemo */ = {
			isa = PBXNativeTarget;
			buildConfigurationList = 2BAB07E21FF3913D00DFAC18 /* Build configuration list for PBXNativeTarget "CameraDemo" */;
			buildPhases = (
				98E35DBDB0F9D9E5CDCEDE2D /* [CP] Check Pods Manifest.lock */,
				2BAB07C81FF3913D00DFAC18 /* Sources */,
				2BAB07C91FF3913D00DFAC18 /* Frameworks */,
				2BAB07CA1FF3913D00DFAC18 /* Resources */,
				F8AD71CF038505DEC62DC6DE /* [CP] Embed Pods Frameworks */,
				BC6F95188B459F752F541F82 /* [CP] Copy Pods Resources */,
			);
			buildRules = (
			);
			dependencies = (
			);
			name = CameraDemo;
			productName = CameraDemo;
			productReference = 2BAB07CC1FF3913D00DFAC18 /* CameraDemo.app */;
			productType = "com.apple.product-type.application";
		};
/* End PBXNativeTarget section */

/* Begin PBXProject section */
		2BAB07C41FF3913D00DFAC18 /* Project object */ = {
			isa = PBXProject;
			attributes = {
				LastUpgradeCheck = 0900;
				ORGANIZATIONNAME = NicoLin;
				TargetAttributes = {
					2BAB07CB1FF3913D00DFAC18 = {
						CreatedOnToolsVersion = 9.0;
						ProvisioningStyle = Automatic;
					};
				};
			};
			buildConfigurationList = 2BAB07C71FF3913D00DFAC18 /* Build configuration list for PBXProject "CameraDemo" */;
			compatibilityVersion = "Xcode 8.0";
			developmentRegion = en;
			hasScannedForEncodings = 0;
			knownRegions = (
				en,
				Base,
			);
			mainGroup = 2BAB07C31FF3913D00DFAC18;
			productRefGroup = 2BAB07CD1FF3913D00DFAC18 /* Products */;
			projectDirPath = "";
			projectRoot = "";
			targets = (
				2BAB07CB1FF3913D00DFAC18 /* CameraDemo */,
			);
		};
/* End PBXProject section */

/* Begin PBXResourcesBuildPhase section */
		2BAB07CA1FF3913D00DFAC18 /* Resources */ = {
			isa = PBXResourcesBuildPhase;
			buildActionMask = 2147483647;
			files = (
				2BAB08A51FFDC02700DFAC18 /* CameraSerias in Resources */,
				2BAB07DC1FF3913D00DFAC18 /* LaunchScreen.storyboard in Resources */,
				2BC061C320034D4E00A26929 /* Loading.bundle in Resources */,
				2BAB07D91FF3913D00DFAC18 /* Assets.xcassets in Resources */,
				2BAB07D71FF3913D00DFAC18 /* Main.storyboard in Resources */,
			);
			runOnlyForDeploymentPostprocessing = 0;
		};
/* End PBXResourcesBuildPhase section */

/* Begin PBXShellScriptBuildPhase section */
		98E35DBDB0F9D9E5CDCEDE2D /* [CP] Check Pods Manifest.lock */ = {
			isa = PBXShellScriptBuildPhase;
			buildActionMask = 2147483647;
			files = (
			);
			inputPaths = (
				"${PODS_PODFILE_DIR_PATH}/Podfile.lock",
				"${PODS_ROOT}/Manifest.lock",
			);
			name = "[CP] Check Pods Manifest.lock";
			outputPaths = (
				"$(DERIVED_FILE_DIR)/Pods-CameraDemo-checkManifestLockResult.txt",
			);
			runOnlyForDeploymentPostprocessing = 0;
			shellPath = /bin/sh;
			shellScript = "diff \"${PODS_PODFILE_DIR_PATH}/Podfile.lock\" \"${PODS_ROOT}/Manifest.lock\" > /dev/null\nif [ $? != 0 ] ; then\n    # print error to STDERR\n    echo \"error: The sandbox is not in sync with the Podfile.lock. Run 'pod install' or update your CocoaPods installation.\" >&2\n    exit 1\nfi\n# This output is used by Xcode 'outputs' to avoid re-running this script phase.\necho \"SUCCESS\" > \"${SCRIPT_OUTPUT_FILE_0}\"\n";
			showEnvVarsInLog = 0;
		};
		BC6F95188B459F752F541F82 /* [CP] Copy Pods Resources */ = {
			isa = PBXShellScriptBuildPhase;
			buildActionMask = 2147483647;
			files = (
			);
			inputPaths = (
			);
			name = "[CP] Copy Pods Resources";
			outputPaths = (
			);
			runOnlyForDeploymentPostprocessing = 0;
			shellPath = /bin/sh;
			shellScript = "\"${SRCROOT}/Pods/Target Support Files/Pods-CameraDemo/Pods-CameraDemo-resources.sh\"\n";
			showEnvVarsInLog = 0;
		};
		F8AD71CF038505DEC62DC6DE /* [CP] Embed Pods Frameworks */ = {
			isa = PBXShellScriptBuildPhase;
			buildActionMask = 2147483647;
			files = (
			);
			inputPaths = (
			);
			name = "[CP] Embed Pods Frameworks";
			outputPaths = (
			);
			runOnlyForDeploymentPostprocessing = 0;
			shellPath = /bin/sh;
			shellScript = "\"${SRCROOT}/Pods/Target Support Files/Pods-CameraDemo/Pods-CameraDemo-frameworks.sh\"\n";
			showEnvVarsInLog = 0;
		};
/* End PBXShellScriptBuildPhase section */

/* Begin PBXSourcesBuildPhase section */
		2BAB07C81FF3913D00DFAC18 /* Sources */ = {
			isa = PBXSourcesBuildPhase;
			buildActionMask = 2147483647;
			files = (
				2BAB08741FFC79E200DFAC18 /* ioapi.c in Sources */,
				2BAB08751FFC79E200DFAC18 /* mztools.c in Sources */,
				2BAB08761FFC79E200DFAC18 /* unzip.c in Sources */,
				2BAB08771FFC79E200DFAC18 /* zip.c in Sources */,
				B619623D2002378200AB7683 /* ACCameraShareCell.m in Sources */,
				2BAB08991FFCF5FF00DFAC18 /* ACOtherCameraViewController.m in Sources */,
				2BAB08B11FFF17A500DFAC18 /* ACCameraNaviView.m in Sources */,
				2BAB08B41FFF238100DFAC18 /* ACFaceShareViewController.m in Sources */,
				2BAB08AB1FFE118700DFAC18 /* ACFaceProcessViewController.m in Sources */,
				2BAB08781FFC79E200DFAC18 /* ZipArchive.mm in Sources */,
				2BC061B0200312C200A26929 /* UIImage+ACWaterImage.m in Sources */,
				B61962402002379E00AB7683 /* ACCameraShareFlowLayout.m in Sources */,
				B61961B12001C6B100AB7683 /* ACBaseModel.m in Sources */,
				2BAB08411FFB54B300DFAC18 /* ACCameraFileManager.m in Sources */,
				2BAB08271FF4FDEB00DFAC18 /* ACAlbumBtn.m in Sources */,
				2BAB08D01FFF4F0400DFAC18 /* ACAsset.m in Sources */,
				2BAB088D1FFCABEF00DFAC18 /* ACArchiverManager.m in Sources */,
				2BAB08281FF4FDEB00DFAC18 /* ACPhotoAlbumCell.m in Sources */,
				2BC061BF2003399F00A26929 /* ACCameraNetWorking.m in Sources */,
				2BAB08291FF4FDEB00DFAC18 /* ACPhotoAlbumController.m in Sources */,
				2BAB082A1FF4FDEB00DFAC18 /* ACPhotoDetailController.m in Sources */,
				2BAB082B1FF4FDEB00DFAC18 /* ACPhotoPickerCell.m in Sources */,
				2BAB082C1FF4FDEB00DFAC18 /* ACPhotoPickerController.m in Sources */,
				2BAB082D1FF4FDEB00DFAC18 /* NSIndexSet+Convenience.m in Sources */,
				2BAB082E1FF4FDEB00DFAC18 /* UICollectionView+Convenience.m in Sources */,
				2B48A8831FFF67E900DB57EA /* ACPopTransition.m in Sources */,
				2BAB07D41FF3913D00DFAC18 /* ViewController.m in Sources */,
				B61961AE2000905100AB7683 /* ACDownLoadTask.m in Sources */,
				B61961B420022D1200AB7683 /* ACProgressHUD.m in Sources */,
				B6BF63931FF3DD8C000CE33D /* ACVideoPreView.m in Sources */,
				2BAB07DF1FF3913D00DFAC18 /* main.m in Sources */,
				2B48A8891FFF6B1900DB57EA /* ACInteractionTransitionAnimation.m in Sources */,
				2BAB08D31FFF4F1A00DFAC18 /* ACPhotoTool.m in Sources */,
				2BAB07F01FF48EC000DFAC18 /* ACCameraBottomView.m in Sources */,
				2BAB07D11FF3913D00DFAC18 /* AppDelegate.m in Sources */,
				B61961AD2000905100AB7683 /* ACDownLoadManager.m in Sources */,
				2BAB07E71FF3A7A500DFAC18 /* SystemVC.m in Sources */,
				2BC061BE2003399F00A26929 /* ACCameraNetworkManager.m in Sources */,
				2BAB084D1FFB841200DFAC18 /* ACBaseFileManager.m in Sources */,
				2BAB07F71FF4C04300DFAC18 /* ACMotionManager.m in Sources */,
				2BAB08441FFB55A600DFAC18 /* ACFileManager.m in Sources */,
				2BAB07EA1FF3A80900DFAC18 /* ACCameraViewController.m in Sources */,
				B6BF63961FF52529000CE33D /* UIImage+ACCameraFixOrientation.m in Sources */,
				2BAB08A81FFE03E500DFAC18 /* ACTintViewController.m in Sources */,
				2BAB080F1FF4E34C00DFAC18 /* ACPhotoShowViewController.m in Sources */,
				2B48A8801FFF656F00DB57EA /* ACPushTransition.m in Sources */,
				2BAB088A1FFCA97E00DFAC18 /* ACFaceModel.m in Sources */,
				2BAB08121FF4F56F00DFAC18 /* ACFaceDetectionViewController.m in Sources */,
				2BAB07F31FF48ED000DFAC18 /* ACCameraTopView.m in Sources */,
				B61962432002717800AB7683 /* ACFaceShareModel.m in Sources */,
				2BAB07ED1FF4841800DFAC18 /* ACCameraBaseViewController.m in Sources */,
				2BAB08AE1FFF0E7E00DFAC18 /* ACOtherPhotoViewController.m in Sources */,
				2BAB08351FF504EB00DFAC18 /* UIView+ACCameraFrame.m in Sources */,
				2B48A88C1FFF6B6B00DB57EA /* ACInteractiveTrasitionAnimation.m in Sources */,
				2BAB08901FFCB0F800DFAC18 /* ACFaceDataManager.m in Sources */,
				2BAB08661FFB9C3700DFAC18 /* ACFaceSDK.m in Sources */,
				2BC061AA20030DD900A26929 /* CIImage+ACQRImage.m in Sources */,
				2BAB08961FFCD6DA00DFAC18 /* ACIconCollectionCell.m in Sources */,
				2BAB08CA1FFF4EC700DFAC18 /* ALAssetsLibrary+AC.m in Sources */,
				2BAB08C71FFF4EAE00DFAC18 /* ALAsset+AC.m in Sources */,
				2BAB08931FFCD25300DFAC18 /* ACIconShowFlowLayout.m in Sources */,
				B6BF63901FF3D4E7000CE33D /* ACCameraView.m in Sources */,
				B619623A2002354D00AB7683 /* ACCameraShareBottomView.m in Sources */,
				B61962372002352C00AB7683 /* ACCameraShareView.m in Sources */,
				2B48A8901FFF7D2C00DB57EA /* UIView+ACSnapshot.m in Sources */,
				2BAB08CD1FFF4EDD00DFAC18 /* PHAsset+AC.m in Sources */,
			);
			runOnlyForDeploymentPostprocessing = 0;
		};
/* End PBXSourcesBuildPhase section */

/* Begin PBXVariantGroup section */
		2BAB07D51FF3913D00DFAC18 /* Main.storyboard */ = {
			isa = PBXVariantGroup;
			children = (
				2BAB07D61FF3913D00DFAC18 /* Base */,
			);
			name = Main.storyboard;
			sourceTree = "<group>";
		};
		2BAB07DA1FF3913D00DFAC18 /* LaunchScreen.storyboard */ = {
			isa = PBXVariantGroup;
			children = (
				2BAB07DB1FF3913D00DFAC18 /* Base */,
			);
			name = LaunchScreen.storyboard;
			sourceTree = "<group>";
		};
/* End PBXVariantGroup section */

/* Begin XCBuildConfiguration section */
		2BAB07E01FF3913D00DFAC18 /* Debug */ = {
			isa = XCBuildConfiguration;
			buildSettings = {
				ALWAYS_SEARCH_USER_PATHS = NO;
				CLANG_ANALYZER_NONNULL = YES;
				CLANG_ANALYZER_NUMBER_OBJECT_CONVERSION = YES_AGGRESSIVE;
				CLANG_CXX_LANGUAGE_STANDARD = "gnu++14";
				CLANG_CXX_LIBRARY = "libc++";
				CLANG_ENABLE_MODULES = YES;
				CLANG_ENABLE_OBJC_ARC = YES;
				CLANG_WARN_BLOCK_CAPTURE_AUTORELEASING = YES;
				CLANG_WARN_BOOL_CONVERSION = YES;
				CLANG_WARN_COMMA = YES;
				CLANG_WARN_CONSTANT_CONVERSION = YES;
				CLANG_WARN_DIRECT_OBJC_ISA_USAGE = YES_ERROR;
				CLANG_WARN_DOCUMENTATION_COMMENTS = YES;
				CLANG_WARN_EMPTY_BODY = YES;
				CLANG_WARN_ENUM_CONVERSION = YES;
				CLANG_WARN_INFINITE_RECURSION = YES;
				CLANG_WARN_INT_CONVERSION = YES;
				CLANG_WARN_NON_LITERAL_NULL_CONVERSION = YES;
				CLANG_WARN_OBJC_LITERAL_CONVERSION = YES;
				CLANG_WARN_OBJC_ROOT_CLASS = YES_ERROR;
				CLANG_WARN_RANGE_LOOP_ANALYSIS = YES;
				CLANG_WARN_STRICT_PROTOTYPES = YES;
				CLANG_WARN_SUSPICIOUS_MOVE = YES;
				CLANG_WARN_UNGUARDED_AVAILABILITY = YES_AGGRESSIVE;
				CLANG_WARN_UNREACHABLE_CODE = YES;
				CLANG_WARN__DUPLICATE_METHOD_MATCH = YES;
				CODE_SIGN_IDENTITY = "iPhone Developer";
				COPY_PHASE_STRIP = NO;
				DEBUG_INFORMATION_FORMAT = dwarf;
				ENABLE_STRICT_OBJC_MSGSEND = YES;
				ENABLE_TESTABILITY = YES;
				GCC_C_LANGUAGE_STANDARD = gnu11;
				GCC_DYNAMIC_NO_PIC = NO;
				GCC_NO_COMMON_BLOCKS = YES;
				GCC_OPTIMIZATION_LEVEL = 0;
				GCC_PREPROCESSOR_DEFINITIONS = (
					"DEBUG=1",
					"$(inherited)",
				);
				GCC_WARN_64_TO_32_BIT_CONVERSION = YES;
				GCC_WARN_ABOUT_RETURN_TYPE = YES_ERROR;
				GCC_WARN_UNDECLARED_SELECTOR = YES;
				GCC_WARN_UNINITIALIZED_AUTOS = YES_AGGRESSIVE;
				GCC_WARN_UNUSED_FUNCTION = YES;
				GCC_WARN_UNUSED_VARIABLE = YES;
				IPHONEOS_DEPLOYMENT_TARGET = 11.0;
				MTL_ENABLE_DEBUG_INFO = YES;
				ONLY_ACTIVE_ARCH = YES;
				SDKROOT = iphoneos;
				USER_HEADER_SEARCH_PATHS = "${SRCROOT}/**";
			};
			name = Debug;
		};
		2BAB07E11FF3913D00DFAC18 /* Release */ = {
			isa = XCBuildConfiguration;
			buildSettings = {
				ALWAYS_SEARCH_USER_PATHS = NO;
				CLANG_ANALYZER_NONNULL = YES;
				CLANG_ANALYZER_NUMBER_OBJECT_CONVERSION = YES_AGGRESSIVE;
				CLANG_CXX_LANGUAGE_STANDARD = "gnu++14";
				CLANG_CXX_LIBRARY = "libc++";
				CLANG_ENABLE_MODULES = YES;
				CLANG_ENABLE_OBJC_ARC = YES;
				CLANG_WARN_BLOCK_CAPTURE_AUTORELEASING = YES;
				CLANG_WARN_BOOL_CONVERSION = YES;
				CLANG_WARN_COMMA = YES;
				CLANG_WARN_CONSTANT_CONVERSION = YES;
				CLANG_WARN_DIRECT_OBJC_ISA_USAGE = YES_ERROR;
				CLANG_WARN_DOCUMENTATION_COMMENTS = YES;
				CLANG_WARN_EMPTY_BODY = YES;
				CLANG_WARN_ENUM_CONVERSION = YES;
				CLANG_WARN_INFINITE_RECURSION = YES;
				CLANG_WARN_INT_CONVERSION = YES;
				CLANG_WARN_NON_LITERAL_NULL_CONVERSION = YES;
				CLANG_WARN_OBJC_LITERAL_CONVERSION = YES;
				CLANG_WARN_OBJC_ROOT_CLASS = YES_ERROR;
				CLANG_WARN_RANGE_LOOP_ANALYSIS = YES;
				CLANG_WARN_STRICT_PROTOTYPES = YES;
				CLANG_WARN_SUSPICIOUS_MOVE = YES;
				CLANG_WARN_UNGUARDED_AVAILABILITY = YES_AGGRESSIVE;
				CLANG_WARN_UNREACHABLE_CODE = YES;
				CLANG_WARN__DUPLICATE_METHOD_MATCH = YES;
				CODE_SIGN_IDENTITY = "iPhone Developer";
				COPY_PHASE_STRIP = NO;
				DEBUG_INFORMATION_FORMAT = "dwarf-with-dsym";
				ENABLE_NS_ASSERTIONS = NO;
				ENABLE_STRICT_OBJC_MSGSEND = YES;
				GCC_C_LANGUAGE_STANDARD = gnu11;
				GCC_NO_COMMON_BLOCKS = YES;
				GCC_WARN_64_TO_32_BIT_CONVERSION = YES;
				GCC_WARN_ABOUT_RETURN_TYPE = YES_ERROR;
				GCC_WARN_UNDECLARED_SELECTOR = YES;
				GCC_WARN_UNINITIALIZED_AUTOS = YES_AGGRESSIVE;
				GCC_WARN_UNUSED_FUNCTION = YES;
				GCC_WARN_UNUSED_VARIABLE = YES;
				IPHONEOS_DEPLOYMENT_TARGET = 11.0;
				MTL_ENABLE_DEBUG_INFO = NO;
				SDKROOT = iphoneos;
				USER_HEADER_SEARCH_PATHS = "${SRCROOT}/**";
				VALIDATE_PRODUCT = YES;
			};
			name = Release;
		};
		2BAB07E31FF3913D00DFAC18 /* Debug */ = {
			isa = XCBuildConfiguration;
			baseConfigurationReference = BA8FCB3DDD32F8D9395F0AB7 /* Pods-CameraDemo.debug.xcconfig */;
			buildSettings = {
				ASSETCATALOG_COMPILER_APPICON_NAME = AppIcon;
				CODE_SIGN_STYLE = Automatic;
				DEVELOPMENT_TEAM = 9BQNL96S8U;
				INFOPLIST_FILE = CameraDemo/Info.plist;
				IPHONEOS_DEPLOYMENT_TARGET = 8.0;
				LD_RUNPATH_SEARCH_PATHS = "$(inherited) @executable_path/Frameworks";
				PRODUCT_BUNDLE_IDENTIFIER = com.CameraDemo;
				PRODUCT_NAME = "$(TARGET_NAME)";
				TARGETED_DEVICE_FAMILY = "1,2";
			};
			name = Debug;
		};
		2BAB07E41FF3913D00DFAC18 /* Release */ = {
			isa = XCBuildConfiguration;
			baseConfigurationReference = C8A24F05D0337AAF934D2589 /* Pods-CameraDemo.release.xcconfig */;
			buildSettings = {
				ASSETCATALOG_COMPILER_APPICON_NAME = AppIcon;
				CODE_SIGN_STYLE = Automatic;
				DEVELOPMENT_TEAM = 9BQNL96S8U;
				INFOPLIST_FILE = CameraDemo/Info.plist;
				IPHONEOS_DEPLOYMENT_TARGET = 8.0;
				LD_RUNPATH_SEARCH_PATHS = "$(inherited) @executable_path/Frameworks";
				PRODUCT_BUNDLE_IDENTIFIER = com.CameraDemo;
				PRODUCT_NAME = "$(TARGET_NAME)";
				TARGETED_DEVICE_FAMILY = "1,2";
			};
			name = Release;
		};
/* End XCBuildConfiguration section */

/* Begin XCConfigurationList section */
		2BAB07C71FF3913D00DFAC18 /* Build configuration list for PBXProject "CameraDemo" */ = {
			isa = XCConfigurationList;
			buildConfigurations = (
				2BAB07E01FF3913D00DFAC18 /* Debug */,
				2BAB07E11FF3913D00DFAC18 /* Release */,
			);
			defaultConfigurationIsVisible = 0;
			defaultConfigurationName = Release;
		};
		2BAB07E21FF3913D00DFAC18 /* Build configuration list for PBXNativeTarget "CameraDemo" */ = {
			isa = XCConfigurationList;
			buildConfigurations = (
				2BAB07E31FF3913D00DFAC18 /* Debug */,
				2BAB07E41FF3913D00DFAC18 /* Release */,
			);
			defaultConfigurationIsVisible = 0;
			defaultConfigurationName = Release;
		};
/* End XCConfigurationList section */
	};
	rootObject = 2BAB07C41FF3913D00DFAC18 /* Project object */;
}
